<?xml version="1.0" encoding="utf-8"?>
<Project ToolsVersion="4.0" xmlns="http://schemas.microsoft.com/developer/msbuild/2003">
  <ItemGroup>
    <Filter Include="Source Files">
      <UniqueIdentifier>{4FC737F1-C7A5-4376-A066-2A32D752A2FF}</UniqueIdentifier>
      <Extensions>cpp;c;cc;cxx;c++;cppm;ixx;def;odl;idl;hpj;bat;asm;asmx</Extensions>
    </Filter>
    <Filter Include="Header Files">
      <UniqueIdentifier>{93995380-89BD-4b04-88EB-625FBE52EBFB}</UniqueIdentifier>
      <Extensions>h;hh;hpp;hxx;h++;hm;inl;inc;ipp;xsd</Extensions>
    </Filter>
    <Filter Include="Resource Files">
      <UniqueIdentifier>{67DA6AB6-F800-4c08-8B7A-83BB121AAD01}</UniqueIdentifier>
      <Extensions>rc;ico;cur;bmp;dlg;rc2;rct;bin;rgs;gif;jpg;jpeg;jpe;resx;tiff;tif;png;wav;mfcribbon-ms</Extensions>
    </Filter>
    <Filter Include="Source Files\Libraries">
      <UniqueIdentifier>{12e780f7-fba1-453d-bb58-bc443c978af6}</UniqueIdentifier>
    </Filter>
    <Filter Include="Header Files\Libraries">
      <UniqueIdentifier>{4898fd63-0aaf-40ff-a9c6-c330e2e23368}</UniqueIdentifier>
    </Filter>
  </ItemGroup>
  <ItemGroup>
    <ClCompile Include="main.cpp">
      <Filter>Source Files</Filter>
    </ClCompile>
    <ClCompile Include="ImportFunctions.cpp">
      <Filter>Source Files</Filter>
    </ClCompile>
    <ClCompile Include="GrowAndCover.h">
      <Filter>Header Files</Filter>
    </ClCompile>
    <ClCompile Include="GrowAndCover.cpp">
      <Filter>Source Files</Filter>
    </ClCompile>
    <ClCompile Include="UtilityFunctions.cpp">
      <Filter>Source Files</Filter>
    </ClCompile>
    <ClCompile Include="Contour2D.cpp">
      <Filter>Source Files</Filter>
    </ClCompile>
    <ClCompile Include="Contour3D.cpp">
      <Filter>Source Files</Filter>
    </ClCompile>
    <ClCompile Include="triangle-1.6\triangle.c">
      <Filter>Source Files\Libraries</Filter>
    </ClCompile>
    <ClCompile Include="tetgen1.6.0\predicates.cxx">
      <Filter>Source Files\Libraries</Filter>
    </ClCompile>
    <ClCompile Include="tetgen1.6.0\tetgen.cxx">
      <Filter>Source Files\Libraries</Filter>
    </ClCompile>
  </ItemGroup>
  <ItemGroup>
    <ClInclude Include="ImportFunctions.h">
      <Filter>Header Files</Filter>
    </ClInclude>
    <ClInclude Include="UtilityFunctions.h">
      <Filter>Header Files</Filter>
    </ClInclude>
    <ClInclude Include="Contour2D.h">
      <Filter>Header Files</Filter>
    </ClInclude>
    <ClInclude Include="Contour3D.h">
      <Filter>Header Files</Filter>
    </ClInclude>
    <ClInclude Include="triangle-1.6\triangle.h">
      <Filter>Header Files\Libraries</Filter>
    </ClInclude>
    <ClInclude Include="JSONParser.h">
      <Filter>Header Files\Libraries</Filter>
    </ClInclude>
    <ClInclude Include="tetgen1.6.0\tetgen.h">
      <Filter>Header Files\Libraries</Filter>
    </ClInclude>
  </ItemGroup>
  <ItemGroup>
    <None Include="..\CRC_112C1_cell_type_coord_allspots.tsv">
      <Filter>Resource Files</Filter>
    </None>
    <None Include="..\CRC112_transformation_pt_coord.csv">
      <Filter>Resource Files</Filter>
    </None>
  </ItemGroup>
</Project>